// !$*UTF8*$!
{
	archiveVersion = 1;
	classes = {
	};
	objectVersion = 46;
	objects = {

/* Begin PBXGroup section */
		9D02F02F16FCC22B002F51F2 = {
			isa = PBXGroup;
			children = (
			);
			sourceTree = "<group>";
		};
/* End PBXGroup section */

/* Begin PBXProject section */
		9D02F03016FCC22B002F51F2 /* Project object */ = {
			isa = PBXProject;
			attributes = {
				LastUpgradeCheck = 0460;
			};
			buildConfigurationList = 9D02F03316FCC22B002F51F2 /* Build configuration list for PBXProject "Reference Citation Form" */;
			compatibilityVersion = "Xcode 3.2";
			developmentRegion = English;
			hasScannedForEncodings = 0;
			knownRegions = (
				en,
			);
			mainGroup = 9D02F02F16FCC22B002F51F2;
			projectDirPath = "";
			projectRoot = "";
			targets = (
			);
		};
/* End PBXProject section */

/* Begin XCBuildConfiguration section */
		9D02F03416FCC22B002F51F2 /* Debug */ = {
			isa = XCBuildConfiguration;
			buildSettings = {
			};
			name = Debug;
		};
		9D02F03516FCC22B002F51F2 /* Release */ = {
			isa = XCBuildConfiguration;
			buildSettings = {
			};
			name = Release;
		};
/* End XCBuildConfiguration section */

/* Begin XCConfigurationList section */
		9D02F03316FCC22B002F51F2 /* Build configuration list for PBXProject "Reference Citation Form" */ = {
			isa = XCConfigurationList;
			buildConfigurations = (
				9D02F03416FCC22B002F51F2 /* Debug */,
				9D02F03516FCC22B002F51F2 /* Release */,
			);
			defaultConfigurationIsVisible = 0;
			defaultConfigurationName = Release;
		};
/* End XCConfigurationList section */
	};
	rootObject = 9D02F03016FCC22B002F51F2 /* Project object */;
}
